// !$*UTF8*$!
{
	archiveVersion = 1;
	classes = {
	};
	objectVersion = 46;
	objects = {

/* Begin PBXBuildFile section */
		63530F1C1BB2C78500CFD286 /* Converter.swift in Sources */ = {isa = PBXBuildFile; fileRef = 63530F1B1BB2C78500CFD286 /* Converter.swift */; };
		63A8967B1BB291BB0001CF86 /* main.swift in Sources */ = {isa = PBXBuildFile; fileRef = 63A8967A1BB291BB0001CF86 /* main.swift */; };
		63A896851BB292120001CF86 /* iEPG.swift in Sources */ = {isa = PBXBuildFile; fileRef = 63A896821BB291E40001CF86 /* iEPG.swift */; };
		63A896861BB292140001CF86 /* TVProgramInfo.swift in Sources */ = {isa = PBXBuildFile; fileRef = 63A896831BB291E40001CF86 /* TVProgramInfo.swift */; };
		63A896871BB292160001CF86 /* Utils.swift in Sources */ = {isa = PBXBuildFile; fileRef = 63A896841BB291E40001CF86 /* Utils.swift */; };
/* End PBXBuildFile section */

/* Begin PBXCopyFilesBuildPhase section */
		63A896751BB291BB0001CF86 /* CopyFiles */ = {
			isa = PBXCopyFilesBuildPhase;
			buildActionMask = 2147483647;
			dstPath = /usr/share/man/man1/;
			dstSubfolderSpec = 0;
			files = (
			);
			runOnlyForDeploymentPostprocessing = 1;
		};
/* End PBXCopyFilesBuildPhase section */

/* Begin PBXFileReference section */
		63530F1B1BB2C78500CFD286 /* Converter.swift */ = {isa = PBXFileReference; fileEncoding = 4; lastKnownFileType = sourcecode.swift; path = Converter.swift; sourceTree = "<group>"; };
		63A896771BB291BB0001CF86 /* iEPG2iCal */ = {isa = PBXFileReference; explicitFileType = "compiled.mach-o.executable"; includeInIndex = 0; path = iEPG2iCal; sourceTree = BUILT_PRODUCTS_DIR; };
		63A8967A1BB291BB0001CF86 /* main.swift */ = {isa = PBXFileReference; lastKnownFileType = sourcecode.swift; path = main.swift; sourceTree = "<group>"; };
		63A896821BB291E40001CF86 /* iEPG.swift */ = {isa = PBXFileReference; lastKnownFileType = sourcecode.swift; path = iEPG.swift; sourceTree = "<group>"; };
		63A896831BB291E40001CF86 /* TVProgramInfo.swift */ = {isa = PBXFileReference; lastKnownFileType = sourcecode.swift; path = TVProgramInfo.swift; sourceTree = "<group>"; };
		63A896841BB291E40001CF86 /* Utils.swift */ = {isa = PBXFileReference; lastKnownFileType = sourcecode.swift; path = Utils.swift; sourceTree = "<group>"; };
/* End PBXFileReference section */

/* Begin PBXFrameworksBuildPhase section */
		63A896741BB291BB0001CF86 /* Frameworks */ = {
			isa = PBXFrameworksBuildPhase;
			buildActionMask = 2147483647;
			files = (
			);
			runOnlyForDeploymentPostprocessing = 0;
		};
/* End PBXFrameworksBuildPhase section */

/* Begin PBXGroup section */
		63A8966E1BB291BB0001CF86 = {
			isa = PBXGroup;
			children = (
				63A896791BB291BB0001CF86 /* iEPG2iCal */,
				63A896781BB291BB0001CF86 /* Products */,
			);
			sourceTree = "<group>";
		};
		63A896781BB291BB0001CF86 /* Products */ = {
			isa = PBXGroup;
			children = (
				63A896771BB291BB0001CF86 /* iEPG2iCal */,
			);
			name = Products;
			sourceTree = "<group>";
		};
		63A896791BB291BB0001CF86 /* iEPG2iCal */ = {
			isa = PBXGroup;
			children = (
				63A8967A1BB291BB0001CF86 /* main.swift */,
				63A896811BB291E40001CF86 /* Classes */,
			);
			path = iEPG2iCal;
			sourceTree = "<group>";
		};
		63A896811BB291E40001CF86 /* Classes */ = {
			isa = PBXGroup;
			children = (
				63A896821BB291E40001CF86 /* iEPG.swift */,
				63A896831BB291E40001CF86 /* TVProgramInfo.swift */,
				63A896841BB291E40001CF86 /* Utils.swift */,
				63530F1B1BB2C78500CFD286 /* Converter.swift */,
			);
			path = Classes;
			sourceTree = "<group>";
		};
/* End PBXGroup section */

/* Begin PBXNativeTarget section */
		63A896761BB291BB0001CF86 /* iEPG2iCal */ = {
			isa = PBXNativeTarget;
			buildConfigurationList = 63A8967E1BB291BB0001CF86 /* Build configuration list for PBXNativeTarget "iEPG2iCal" */;
			buildPhases = (
				63A896731BB291BB0001CF86 /* Sources */,
				63A896741BB291BB0001CF86 /* Frameworks */,
				63A896751BB291BB0001CF86 /* CopyFiles */,
			);
			buildRules = (
			);
			dependencies = (
			);
			name = iEPG2iCal;
			productName = iEPG2iCal;
			productReference = 63A896771BB291BB0001CF86 /* iEPG2iCal */;
			productType = "com.apple.product-type.tool";
		};
/* End PBXNativeTarget section */

/* Begin PBXProject section */
		63A8966F1BB291BB0001CF86 /* Project object */ = {
			isa = PBXProject;
			attributes = {
				LastSwiftUpdateCheck = 0830;
				LastUpgradeCheck = 0920;
				ORGANIZATIONNAME = sz50.com;
				TargetAttributes = {
					63A896761BB291BB0001CF86 = {
						CreatedOnToolsVersion = 7.0;
						LastSwiftMigration = 0920;
					};
				};
			};
			buildConfigurationList = 63A896721BB291BB0001CF86 /* Build configuration list for PBXProject "iEPG2iCal" */;
			compatibilityVersion = "Xcode 3.2";
			developmentRegion = English;
			hasScannedForEncodings = 0;
			knownRegions = (
				en,
			);
			mainGroup = 63A8966E1BB291BB0001CF86;
			productRefGroup = 63A896781BB291BB0001CF86 /* Products */;
			projectDirPath = "";
			projectRoot = "";
			targets = (
				63A896761BB291BB0001CF86 /* iEPG2iCal */,
			);
		};
/* End PBXProject section */

/* Begin PBXSourcesBuildPhase section */
		63A896731BB291BB0001CF86 /* Sources */ = {
			isa = PBXSourcesBuildPhase;
			buildActionMask = 2147483647;
			files = (
				63A8967B1BB291BB0001CF86 /* main.swift in Sources */,
				63A896851BB292120001CF86 /* iEPG.swift in Sources */,
				63A896861BB292140001CF86 /* TVProgramInfo.swift in Sources */,
				63A896871BB292160001CF86 /* Utils.swift in Sources */,
				63530F1C1BB2C78500CFD286 /* Converter.swift in Sources */,
			);
			runOnlyForDeploymentPostprocessing = 0;
		};
/* End PBXSourcesBuildPhase section */

/* Begin XCBuildConfiguration section */
		63A8967C1BB291BB0001CF86 /* Debug */ = {
			isa = XCBuildConfiguration;
			buildSettings = {
				ALWAYS_SEARCH_USER_PATHS = NO;
				CLANG_CXX_LANGUAGE_STANDARD = "gnu++0x";
				CLANG_CXX_LIBRARY = "libc++";
				CLANG_ENABLE_MODULES = YES;
				CLANG_ENABLE_OBJC_ARC = YES;
				CLANG_WARN_BLOCK_CAPTURE_AUTORELEASING = YES;
				CLANG_WARN_BOOL_CONVERSION = YES;
				CLANG_WARN_COMMA = YES;
				CLANG_WARN_CONSTANT_CONVERSION = YES;
				CLANG_WARN_DIRECT_OBJC_ISA_USAGE = YES_ERROR;
				CLANG_WARN_EMPTY_BODY = YES;
				CLANG_WARN_ENUM_CONVERSION = YES;
				CLANG_WARN_INFINITE_RECURSION = YES;
				CLANG_WARN_INT_CONVERSION = YES;
				CLANG_WARN_NON_LITERAL_NULL_CONVERSION = YES;
				CLANG_WARN_OBJC_LITERAL_CONVERSION = YES;
				CLANG_WARN_OBJC_ROOT_CLASS = YES_ERROR;
				CLANG_WARN_RANGE_LOOP_ANALYSIS = YES;
				CLANG_WARN_STRICT_PROTOTYPES = YES;
				CLANG_WARN_SUSPICIOUS_MOVE = YES;
				CLANG_WARN_UNREACHABLE_CODE = YES;
				CLANG_WARN__DUPLICATE_METHOD_MATCH = YES;
				COPY_PHASE_STRIP = NO;
				DEBUG_INFORMATION_FORMAT = dwarf;
				ENABLE_STRICT_OBJC_MSGSEND = YES;
				ENABLE_TESTABILITY = YES;
				GCC_C_LANGUAGE_STANDARD = gnu99;
				GCC_DYNAMIC_NO_PIC = NO;
				GCC_NO_COMMON_BLOCKS = YES;
				GCC_OPTIMIZATION_LEVEL = 0;
				GCC_PREPROCESSOR_DEFINITIONS = (
					"DEBUG=1",
					"$(inherited)",
				);
				GCC_WARN_64_TO_32_BIT_CONVERSION = YES;
				GCC_WARN_ABOUT_RETURN_TYPE = YES_ERROR;
				GCC_WARN_UNDECLARED_SELECTOR = YES;
				GCC_WARN_UNINITIALIZED_AUTOS = YES_AGGRESSIVE;
				GCC_WARN_UNUSED_FUNCTION = YES;
				GCC_WARN_UNUSED_VARIABLE = YES;
				MACOSX_DEPLOYMENT_TARGET = 10.10;
				MTL_ENABLE_DEBUG_INFO = YES;
				ONLY_ACTIVE_ARCH = YES;
				SDKROOT = macosx;
				SWIFT_OPTIMIZATION_LEVEL = "-Onone";
			};
			name = Debug;
		};
		63A8967D1BB291BB0001CF86 /* Release */ = {
			isa = XCBuildConfiguration;
			buildSettings = {
				ALWAYS_SEARCH_USER_PATHS = NO;
				CLANG_CXX_LANGUAGE_STANDARD = "gnu++0x";
				CLANG_CXX_LIBRARY = "libc++";
				CLANG_ENABLE_MODULES = YES;
				CLANG_ENABLE_OBJC_ARC = YES;
				CLANG_WARN_BLOCK_CAPTURE_AUTORELEASING = YES;
				CLANG_WARN_BOOL_CONVERSION = YES;
				CLANG_WARN_COMMA = YES;
				CLANG_WARN_CONSTANT_CONVERSION = YES;
				CLANG_WARN_DIRECT_OBJC_ISA_USAGE = YES_ERROR;
				CLANG_WARN_EMPTY_BODY = YES;
				CLANG_WARN_ENUM_CONVERSION = YES;
				CLANG_WARN_INFINITE_RECURSION = YES;
				CLANG_WARN_INT_CONVERSION = YES;
				CLANG_WARN_NON_LITERAL_NULL_CONVERSION = YES;
				CLANG_WARN_OBJC_LITERAL_CONVERSION = YES;
				CLANG_WARN_OBJC_ROOT_CLASS = YES_ERROR;
				CLANG_WARN_RANGE_LOOP_ANALYSIS = YES;
				CLANG_WARN_STRICT_PROTOTYPES = YES;
				CLANG_WARN_SUSPICIOUS_MOVE = YES;
				CLANG_WARN_UNREACHABLE_CODE = YES;
				CLANG_WARN__DUPLICATE_METHOD_MATCH = YES;
				COPY_PHASE_STRIP = NO;
				DEBUG_INFORMATION_FORMAT = "dwarf-with-dsym";
				ENABLE_NS_ASSERTIONS = NO;
				ENABLE_STRICT_OBJC_MSGSEND = YES;
				GCC_C_LANGUAGE_STANDARD = gnu99;
				GCC_NO_COMMON_BLOCKS = YES;
				GCC_WARN_64_TO_32_BIT_CONVERSION = YES;
				GCC_WARN_ABOUT_RETURN_TYPE = YES_ERROR;
				GCC_WARN_UNDECLARED_SELECTOR = YES;
				GCC_WARN_UNINITIALIZED_AUTOS = YES_AGGRESSIVE;
				GCC_WARN_UNUSED_FUNCTION = YES;
				GCC_WARN_UNUSED_VARIABLE = YES;
				MACOSX_DEPLOYMENT_TARGET = 10.10;
				MTL_ENABLE_DEBUG_INFO = NO;
				SDKROOT = macosx;
				SWIFT_OPTIMIZATION_LEVEL = "-Owholemodule";
			};
			name = Release;
		};
		63A8967F1BB291BB0001CF86 /* Debug */ = {
			isa = XCBuildConfiguration;
			buildSettings = {
				PRODUCT_NAME = "$(TARGET_NAME)";
				SWIFT_VERSION = 4.0;
			};
			name = Debug;
		};
		63A896801BB291BB0001CF86 /* Release */ = {
			isa = XCBuildConfiguration;
			buildSettings = {
				PRODUCT_NAME = "$(TARGET_NAME)";
				SWIFT_VERSION = 4.0;
			};
			name = Release;
		};
/* End XCBuildConfiguration section */

/* Begin XCConfigurationList section */
		63A896721BB291BB0001CF86 /* Build configuration list for PBXProject "iEPG2iCal" */ = {
			isa = XCConfigurationList;
			buildConfigurations = (
				63A8967C1BB291BB0001CF86 /* Debug */,
				63A8967D1BB291BB0001CF86 /* Release */,
			);
			defaultConfigurationIsVisible = 0;
			defaultConfigurationName = Release;
		};
		63A8967E1BB291BB0001CF86 /* Build configuration list for PBXNativeTarget "iEPG2iCal" */ = {
			isa = XCConfigurationList;
			buildConfigurations = (
				63A8967F1BB291BB0001CF86 /* Debug */,
				63A896801BB291BB0001CF86 /* Release */,
			);
			defaultConfigurationIsVisible = 0;
			defaultConfigurationName = Release;
		};
/* End XCConfigurationList section */
	};
	rootObject = 63A8966F1BB291BB0001CF86 /* Project object */;
}
